// !$*UTF8*$!
{
	archiveVersion = 1;
	classes = {
	};
	objectVersion = 46;
	objects = {

/* Begin PBXBuildFile section */
		CA7520E01DC8E6160087F49C /* GenresViewController.m in Sources */ = {isa = PBXBuildFile; fileRef = CA7520DF1DC8E6160087F49C /* GenresViewController.m */; };
		CAB1507D1DC7AFD4000408D4 /* main.m in Sources */ = {isa = PBXBuildFile; fileRef = CAB1507C1DC7AFD4000408D4 /* main.m */; };
		CAB150801DC7AFD4000408D4 /* AppDelegate.m in Sources */ = {isa = PBXBuildFile; fileRef = CAB1507F1DC7AFD4000408D4 /* AppDelegate.m */; };
		CAB1508B1DC7AFD4000408D4 /* Assets.xcassets in Resources */ = {isa = PBXBuildFile; fileRef = CAB1508A1DC7AFD4000408D4 /* Assets.xcassets */; };
		CAB150961DC7E8C7000408D4 /* Main.storyboard in Resources */ = {isa = PBXBuildFile; fileRef = CAB150951DC7E8C7000408D4 /* Main.storyboard */; };
		CAB150981DC7EA6B000408D4 /* LaunchScreen.storyboard in Resources */ = {isa = PBXBuildFile; fileRef = CAB150971DC7EA6B000408D4 /* LaunchScreen.storyboard */; };
		CAB1509F1DC7EAA3000408D4 /* Bolts.framework in Frameworks */ = {isa = PBXBuildFile; fileRef = CAB1509B1DC7EAA3000408D4 /* Bolts.framework */; };
		CAB150A01DC7EAA3000408D4 /* FBSDKCoreKit.framework in Frameworks */ = {isa = PBXBuildFile; fileRef = CAB1509C1DC7EAA3000408D4 /* FBSDKCoreKit.framework */; };
		CAB150A11DC7EAA3000408D4 /* FBSDKLoginKit.framework in Frameworks */ = {isa = PBXBuildFile; fileRef = CAB1509D1DC7EAA3000408D4 /* FBSDKLoginKit.framework */; };
		CAB150A21DC7EAA3000408D4 /* FBSDKShareKit.framework in Frameworks */ = {isa = PBXBuildFile; fileRef = CAB1509E1DC7EAA3000408D4 /* FBSDKShareKit.framework */; };
		CAB150A81DC7EC3C000408D4 /* LoginViewController.m in Sources */ = {isa = PBXBuildFile; fileRef = CAB150A71DC7EC3C000408D4 /* LoginViewController.m */; };
		CAB150AB1DC7F8B7000408D4 /* AbstractViewController.m in Sources */ = {isa = PBXBuildFile; fileRef = CAB150AA1DC7F8B7000408D4 /* AbstractViewController.m */; };
		CAB87FD91DCCBC66003CD67A /* Genre.m in Sources */ = {isa = PBXBuildFile; fileRef = CAB87FD81DCCBC66003CD67A /* Genre.m */; };
		CAB87FDC1DCCBC75003CD67A /* Bestseller.m in Sources */ = {isa = PBXBuildFile; fileRef = CAB87FDB1DCCBC75003CD67A /* Bestseller.m */; };
		CAB87FDF1DCCC65F003CD67A /* WebService.m in Sources */ = {isa = PBXBuildFile; fileRef = CAB87FDE1DCCC65F003CD67A /* WebService.m */; };
		CAB87FED1DCCDF68003CD67A /* BestsellersViewController.m in Sources */ = {isa = PBXBuildFile; fileRef = CAB87FEC1DCCDF68003CD67A /* BestsellersViewController.m */; };
		CAB87FF01DCCEB3A003CD67A /* BestsellerCustomCell.xib in Resources */ = {isa = PBXBuildFile; fileRef = CAB87FEF1DCCEB3A003CD67A /* BestsellerCustomCell.xib */; };
		CAB87FF31DCCEB55003CD67A /* BestsellerCustomCell.m in Sources */ = {isa = PBXBuildFile; fileRef = CAB87FF21DCCEB55003CD67A /* BestsellerCustomCell.m */; };
		CAB87FF91DCF8D7E003CD67A /* UIImageView+ImageDownloading.m in Sources */ = {isa = PBXBuildFile; fileRef = CAB87FF81DCF8D7E003CD67A /* UIImageView+ImageDownloading.m */; };
		CAB87FFC1DCF979A003CD67A /* FavoritesViewController.m in Sources */ = {isa = PBXBuildFile; fileRef = CAB87FFB1DCF979A003CD67A /* FavoritesViewController.m */; };
		CAB880001DCFAE92003CD67A /* BookDetailsViewController.m in Sources */ = {isa = PBXBuildFile; fileRef = CAB87FFF1DCFAE92003CD67A /* BookDetailsViewController.m */; };
		CAB880041DCFBCE4003CD67A /* CoreDataManager.swift in Sources */ = {isa = PBXBuildFile; fileRef = CAB880021DCFBCE4003CD67A /* CoreDataManager.swift */; };
		CAB880051DCFBCE4003CD67A /* CoreDataManagerExtentsions.swift in Sources */ = {isa = PBXBuildFile; fileRef = CAB880031DCFBCE4003CD67A /* CoreDataManagerExtentsions.swift */; };
		CAB880271DD0A1CF003CD67A /* User+CoreDataClass.swift in Sources */ = {isa = PBXBuildFile; fileRef = CAB880231DD0A1CF003CD67A /* User+CoreDataClass.swift */; };
		CAB880281DD0A1CF003CD67A /* User+CoreDataProperties.swift in Sources */ = {isa = PBXBuildFile; fileRef = CAB880241DD0A1CF003CD67A /* User+CoreDataProperties.swift */; };
		CAB880291DD0A1CF003CD67A /* Book+CoreDataClass.swift in Sources */ = {isa = PBXBuildFile; fileRef = CAB880251DD0A1CF003CD67A /* Book+CoreDataClass.swift */; };
		CAB8802A1DD0A1CF003CD67A /* Book+CoreDataProperties.swift in Sources */ = {isa = PBXBuildFile; fileRef = CAB880261DD0A1CF003CD67A /* Book+CoreDataProperties.swift */; };
		CAB8802D1DD0A2A5003CD67A /* roman_andruseiko_SimpleBooks.xcdatamodeld in Sources */ = {isa = PBXBuildFile; fileRef = CAB8802B1DD0A2A5003CD67A /* roman_andruseiko_SimpleBooks.xcdatamodeld */; };
		CAB880301DD0AD46003CD67A /* NSString+Addons.m in Sources */ = {isa = PBXBuildFile; fileRef = CAB8802F1DD0AD46003CD67A /* NSString+Addons.m */; };
/* End PBXBuildFile section */

/* Begin PBXFileReference section */
		CA7520DE1DC8E6160087F49C /* GenresViewController.h */ = {isa = PBXFileReference; fileEncoding = 4; lastKnownFileType = sourcecode.c.h; name = GenresViewController.h; path = ViewControllers/GenresViewController.h; sourceTree = "<group>"; };
		CA7520DF1DC8E6160087F49C /* GenresViewController.m */ = {isa = PBXFileReference; fileEncoding = 4; lastKnownFileType = sourcecode.c.objc; name = GenresViewController.m; path = ViewControllers/GenresViewController.m; sourceTree = "<group>"; };
		CAB150781DC7AFD4000408D4 /* roman_andruseiko_SimpleBooks.app */ = {isa = PBXFileReference; explicitFileType = wrapper.application; includeInIndex = 0; path = roman_andruseiko_SimpleBooks.app; sourceTree = BUILT_PRODUCTS_DIR; };
		CAB1507C1DC7AFD4000408D4 /* main.m */ = {isa = PBXFileReference; lastKnownFileType = sourcecode.c.objc; path = main.m; sourceTree = "<group>"; };
		CAB1507E1DC7AFD4000408D4 /* AppDelegate.h */ = {isa = PBXFileReference; lastKnownFileType = sourcecode.c.h; path = AppDelegate.h; sourceTree = "<group>"; };
		CAB1507F1DC7AFD4000408D4 /* AppDelegate.m */ = {isa = PBXFileReference; lastKnownFileType = sourcecode.c.objc; path = AppDelegate.m; sourceTree = "<group>"; };
		CAB1508A1DC7AFD4000408D4 /* Assets.xcassets */ = {isa = PBXFileReference; lastKnownFileType = folder.assetcatalog; path = Assets.xcassets; sourceTree = "<group>"; };
		CAB1508F1DC7AFD4000408D4 /* Info.plist */ = {isa = PBXFileReference; lastKnownFileType = text.plist.xml; path = Info.plist; sourceTree = "<group>"; };
		CAB150951DC7E8C7000408D4 /* Main.storyboard */ = {isa = PBXFileReference; fileEncoding = 4; lastKnownFileType = file.storyboard; path = Main.storyboard; sourceTree = "<group>"; };
		CAB150971DC7EA6B000408D4 /* LaunchScreen.storyboard */ = {isa = PBXFileReference; fileEncoding = 4; lastKnownFileType = file.storyboard; path = LaunchScreen.storyboard; sourceTree = "<group>"; };
		CAB1509B1DC7EAA3000408D4 /* Bolts.framework */ = {isa = PBXFileReference; lastKnownFileType = wrapper.framework; path = Bolts.framework; sourceTree = "<group>"; };
		CAB1509C1DC7EAA3000408D4 /* FBSDKCoreKit.framework */ = {isa = PBXFileReference; lastKnownFileType = wrapper.framework; path = FBSDKCoreKit.framework; sourceTree = "<group>"; };
		CAB1509D1DC7EAA3000408D4 /* FBSDKLoginKit.framework */ = {isa = PBXFileReference; lastKnownFileType = wrapper.framework; path = FBSDKLoginKit.framework; sourceTree = "<group>"; };
		CAB1509E1DC7EAA3000408D4 /* FBSDKShareKit.framework */ = {isa = PBXFileReference; lastKnownFileType = wrapper.framework; path = FBSDKShareKit.framework; sourceTree = "<group>"; };
		CAB150A61DC7EC3C000408D4 /* LoginViewController.h */ = {isa = PBXFileReference; fileEncoding = 4; lastKnownFileType = sourcecode.c.h; name = LoginViewController.h; path = ViewControllers/LoginViewController.h; sourceTree = "<group>"; };
		CAB150A71DC7EC3C000408D4 /* LoginViewController.m */ = {isa = PBXFileReference; fileEncoding = 4; lastKnownFileType = sourcecode.c.objc; name = LoginViewController.m; path = ViewControllers/LoginViewController.m; sourceTree = "<group>"; };
		CAB150A91DC7F8B7000408D4 /* AbstractViewController.h */ = {isa = PBXFileReference; fileEncoding = 4; lastKnownFileType = sourcecode.c.h; name = AbstractViewController.h; path = ViewControllers/AbstractViewController.h; sourceTree = "<group>"; };
		CAB150AA1DC7F8B7000408D4 /* AbstractViewController.m */ = {isa = PBXFileReference; fileEncoding = 4; lastKnownFileType = sourcecode.c.objc; name = AbstractViewController.m; path = ViewControllers/AbstractViewController.m; sourceTree = "<group>"; };
		CAB87FD71DCCBC66003CD67A /* Genre.h */ = {isa = PBXFileReference; fileEncoding = 4; lastKnownFileType = sourcecode.c.h; name = Genre.h; path = DataModels/Genre.h; sourceTree = "<group>"; };
		CAB87FD81DCCBC66003CD67A /* Genre.m */ = {isa = PBXFileReference; fileEncoding = 4; lastKnownFileType = sourcecode.c.objc; name = Genre.m; path = DataModels/Genre.m; sourceTree = "<group>"; };
		CAB87FDA1DCCBC75003CD67A /* Bestseller.h */ = {isa = PBXFileReference; fileEncoding = 4; lastKnownFileType = sourcecode.c.h; name = Bestseller.h; path = DataModels/Bestseller.h; sourceTree = "<group>"; };
		CAB87FDB1DCCBC75003CD67A /* Bestseller.m */ = {isa = PBXFileReference; fileEncoding = 4; lastKnownFileType = sourcecode.c.objc; name = Bestseller.m; path = DataModels/Bestseller.m; sourceTree = "<group>"; };
		CAB87FDD1DCCC65F003CD67A /* WebService.h */ = {isa = PBXFileReference; fileEncoding = 4; lastKnownFileType = sourcecode.c.h; path = WebService.h; sourceTree = "<group>"; };
		CAB87FDE1DCCC65F003CD67A /* WebService.m */ = {isa = PBXFileReference; fileEncoding = 4; lastKnownFileType = sourcecode.c.objc; path = WebService.m; sourceTree = "<group>"; };
		CAB87FE01DCCCB47003CD67A /* DataModels.h */ = {isa = PBXFileReference; lastKnownFileType = sourcecode.c.h; path = DataModels.h; sourceTree = "<group>"; };
		CAB87FE11DCCD582003CD67A /* roman_andruseiko_SimpleBooks-Bridging-Header.h */ = {isa = PBXFileReference; lastKnownFileType = sourcecode.c.h; path = "roman_andruseiko_SimpleBooks-Bridging-Header.h"; sourceTree = SOURCE_ROOT; };
		CAB87FEB1DCCDF68003CD67A /* BestsellersViewController.h */ = {isa = PBXFileReference; fileEncoding = 4; lastKnownFileType = sourcecode.c.h; name = BestsellersViewController.h; path = ViewControllers/BestsellersViewController.h; sourceTree = "<group>"; };
		CAB87FEC1DCCDF68003CD67A /* BestsellersViewController.m */ = {isa = PBXFileReference; fileEncoding = 4; lastKnownFileType = sourcecode.c.objc; name = BestsellersViewController.m; path = ViewControllers/BestsellersViewController.m; sourceTree = "<group>"; };
		CAB87FEF1DCCEB3A003CD67A /* BestsellerCustomCell.xib */ = {isa = PBXFileReference; fileEncoding = 4; lastKnownFileType = file.xib; path = BestsellerCustomCell.xib; sourceTree = "<group>"; };
		CAB87FF11DCCEB55003CD67A /* BestsellerCustomCell.h */ = {isa = PBXFileReference; fileEncoding = 4; lastKnownFileType = sourcecode.c.h; path = BestsellerCustomCell.h; sourceTree = "<group>"; };
		CAB87FF21DCCEB55003CD67A /* BestsellerCustomCell.m */ = {isa = PBXFileReference; fileEncoding = 4; lastKnownFileType = sourcecode.c.objc; path = BestsellerCustomCell.m; sourceTree = "<group>"; };
		CAB87FF71DCF8D7E003CD67A /* UIImageView+ImageDownloading.h */ = {isa = PBXFileReference; fileEncoding = 4; lastKnownFileType = sourcecode.c.h; path = "UIImageView+ImageDownloading.h"; sourceTree = "<group>"; };
		CAB87FF81DCF8D7E003CD67A /* UIImageView+ImageDownloading.m */ = {isa = PBXFileReference; fileEncoding = 4; lastKnownFileType = sourcecode.c.objc; path = "UIImageView+ImageDownloading.m"; sourceTree = "<group>"; };
		CAB87FFA1DCF979A003CD67A /* FavoritesViewController.h */ = {isa = PBXFileReference; fileEncoding = 4; lastKnownFileType = sourcecode.c.h; name = FavoritesViewController.h; path = ViewControllers/FavoritesViewController.h; sourceTree = "<group>"; };
		CAB87FFB1DCF979A003CD67A /* FavoritesViewController.m */ = {isa = PBXFileReference; fileEncoding = 4; lastKnownFileType = sourcecode.c.objc; name = FavoritesViewController.m; path = ViewControllers/FavoritesViewController.m; sourceTree = "<group>"; };
		CAB87FFE1DCFAE92003CD67A /* BookDetailsViewController.h */ = {isa = PBXFileReference; fileEncoding = 4; lastKnownFileType = sourcecode.c.h; name = BookDetailsViewController.h; path = ViewControllers/BookDetailsViewController.h; sourceTree = "<group>"; };
		CAB87FFF1DCFAE92003CD67A /* BookDetailsViewController.m */ = {isa = PBXFileReference; fileEncoding = 4; lastKnownFileType = sourcecode.c.objc; name = BookDetailsViewController.m; path = ViewControllers/BookDetailsViewController.m; sourceTree = "<group>"; };
		CAB880021DCFBCE4003CD67A /* CoreDataManager.swift */ = {isa = PBXFileReference; fileEncoding = 4; lastKnownFileType = sourcecode.swift; path = CoreDataManager.swift; sourceTree = "<group>"; };
		CAB880031DCFBCE4003CD67A /* CoreDataManagerExtentsions.swift */ = {isa = PBXFileReference; fileEncoding = 4; lastKnownFileType = sourcecode.swift; path = CoreDataManagerExtentsions.swift; sourceTree = "<group>"; };
		CAB880231DD0A1CF003CD67A /* User+CoreDataClass.swift */ = {isa = PBXFileReference; fileEncoding = 4; lastKnownFileType = sourcecode.swift; name = "User+CoreDataClass.swift"; path = "Database/User+CoreDataClass.swift"; sourceTree = "<group>"; };
		CAB880241DD0A1CF003CD67A /* User+CoreDataProperties.swift */ = {isa = PBXFileReference; fileEncoding = 4; lastKnownFileType = sourcecode.swift; name = "User+CoreDataProperties.swift"; path = "Database/User+CoreDataProperties.swift"; sourceTree = "<group>"; };
		CAB880251DD0A1CF003CD67A /* Book+CoreDataClass.swift */ = {isa = PBXFileReference; fileEncoding = 4; lastKnownFileType = sourcecode.swift; name = "Book+CoreDataClass.swift"; path = "Database/Book+CoreDataClass.swift"; sourceTree = "<group>"; };
		CAB880261DD0A1CF003CD67A /* Book+CoreDataProperties.swift */ = {isa = PBXFileReference; fileEncoding = 4; lastKnownFileType = sourcecode.swift; name = "Book+CoreDataProperties.swift"; path = "Database/Book+CoreDataProperties.swift"; sourceTree = "<group>"; };
		CAB8802C1DD0A2A5003CD67A /* roman_andruseiko_SimpleBooks.xcdatamodel */ = {isa = PBXFileReference; lastKnownFileType = wrapper.xcdatamodel; path = roman_andruseiko_SimpleBooks.xcdatamodel; sourceTree = "<group>"; };
		CAB8802E1DD0AD46003CD67A /* NSString+Addons.h */ = {isa = PBXFileReference; fileEncoding = 4; lastKnownFileType = sourcecode.c.h; path = "NSString+Addons.h"; sourceTree = "<group>"; };
		CAB8802F1DD0AD46003CD67A /* NSString+Addons.m */ = {isa = PBXFileReference; fileEncoding = 4; lastKnownFileType = sourcecode.c.objc; path = "NSString+Addons.m"; sourceTree = "<group>"; };
/* End PBXFileReference section */

/* Begin PBXFrameworksBuildPhase section */
		CAB150751DC7AFD4000408D4 /* Frameworks */ = {
			isa = PBXFrameworksBuildPhase;
			buildActionMask = 2147483647;
			files = (
				CAB150A21DC7EAA3000408D4 /* FBSDKShareKit.framework in Frameworks */,
				CAB1509F1DC7EAA3000408D4 /* Bolts.framework in Frameworks */,
				CAB150A01DC7EAA3000408D4 /* FBSDKCoreKit.framework in Frameworks */,
				CAB150A11DC7EAA3000408D4 /* FBSDKLoginKit.framework in Frameworks */,
			);
			runOnlyForDeploymentPostprocessing = 0;
		};
/* End PBXFrameworksBuildPhase section */

/* Begin PBXGroup section */
		CA7520E11DC8E61C0087F49C /* GenresViewController */ = {
			isa = PBXGroup;
			children = (
				CA7520DE1DC8E6160087F49C /* GenresViewController.h */,
				CA7520DF1DC8E6160087F49C /* GenresViewController.m */,
			);
			name = GenresViewController;
			sourceTree = "<group>";
		};
		CAB1506F1DC7AFD4000408D4 = {
			isa = PBXGroup;
			children = (
				CAB1507A1DC7AFD4000408D4 /* roman_andruseiko_SimpleBooks */,
				CAB150791DC7AFD4000408D4 /* Products */,
			);
			sourceTree = "<group>";
		};
		CAB150791DC7AFD4000408D4 /* Products */ = {
			isa = PBXGroup;
			children = (
				CAB150781DC7AFD4000408D4 /* roman_andruseiko_SimpleBooks.app */,
			);
			name = Products;
			sourceTree = "<group>";
		};
		CAB1507A1DC7AFD4000408D4 /* roman_andruseiko_SimpleBooks */ = {
			isa = PBXGroup;
			children = (
				CAB87FF61DCF8CEF003CD67A /* Categories */,
				CAB87FF51DCCEB66003CD67A /* UI */,
				CAB150A41DC7EAB6000408D4 /* ViewControllers */,
				CAB150A51DC7EACE000408D4 /* DataModels */,
				CAB880311DD0B319003CD67A /* WebService */,
				CAB87FEA1DCCD597003CD67A /* Database */,
				CAB150A31DC7EAA8000408D4 /* FacebookSDK */,
				CAB1507B1DC7AFD4000408D4 /* Supporting Files */,
				CAB1507E1DC7AFD4000408D4 /* AppDelegate.h */,
				CAB1507F1DC7AFD4000408D4 /* AppDelegate.m */,
			);
			path = roman_andruseiko_SimpleBooks;
			sourceTree = "<group>";
		};
		CAB1507B1DC7AFD4000408D4 /* Supporting Files */ = {
			isa = PBXGroup;
			children = (
				CAB87FE11DCCD582003CD67A /* roman_andruseiko_SimpleBooks-Bridging-Header.h */,
				CAB1508A1DC7AFD4000408D4 /* Assets.xcassets */,
				CAB1508F1DC7AFD4000408D4 /* Info.plist */,
				CAB150971DC7EA6B000408D4 /* LaunchScreen.storyboard */,
				CAB1507C1DC7AFD4000408D4 /* main.m */,
			);
			name = "Supporting Files";
			sourceTree = "<group>";
		};
		CAB150A31DC7EAA8000408D4 /* FacebookSDK */ = {
			isa = PBXGroup;
			children = (
				CAB1509B1DC7EAA3000408D4 /* Bolts.framework */,
				CAB1509C1DC7EAA3000408D4 /* FBSDKCoreKit.framework */,
				CAB1509D1DC7EAA3000408D4 /* FBSDKLoginKit.framework */,
				CAB1509E1DC7EAA3000408D4 /* FBSDKShareKit.framework */,
			);
			name = FacebookSDK;
			sourceTree = "<group>";
		};
		CAB150A41DC7EAB6000408D4 /* ViewControllers */ = {
			isa = PBXGroup;
			children = (
				CAB150AC1DC7F8C0000408D4 /* AbstractViewController */,
				CAB150AD1DC7F8C7000408D4 /* LoginViewController */,
				CA7520E11DC8E61C0087F49C /* GenresViewController */,
				CAB87FEE1DCCDF7E003CD67A /* BestsellersViewController */,
				CAB87FFD1DCF979F003CD67A /* FavoritesViewController */,
				CAB880011DCFAE99003CD67A /* BookDetailsViewController */,
			);
			name = ViewControllers;
			sourceTree = "<group>";
		};
		CAB150A51DC7EACE000408D4 /* DataModels */ = {
			isa = PBXGroup;
			children = (
				CAB87FE01DCCCB47003CD67A /* DataModels.h */,
				CAB87FD71DCCBC66003CD67A /* Genre.h */,
				CAB87FD81DCCBC66003CD67A /* Genre.m */,
				CAB87FDA1DCCBC75003CD67A /* Bestseller.h */,
				CAB87FDB1DCCBC75003CD67A /* Bestseller.m */,
			);
			name = DataModels;
			sourceTree = "<group>";
		};
		CAB150AC1DC7F8C0000408D4 /* AbstractViewController */ = {
			isa = PBXGroup;
			children = (
				CAB150A91DC7F8B7000408D4 /* AbstractViewController.h */,
				CAB150AA1DC7F8B7000408D4 /* AbstractViewController.m */,
			);
			name = AbstractViewController;
			sourceTree = "<group>";
		};
		CAB150AD1DC7F8C7000408D4 /* LoginViewController */ = {
			isa = PBXGroup;
			children = (
				CAB150A61DC7EC3C000408D4 /* LoginViewController.h */,
				CAB150A71DC7EC3C000408D4 /* LoginViewController.m */,
			);
			name = LoginViewController;
			sourceTree = "<group>";
		};
		CAB87FEA1DCCD597003CD67A /* Database */ = {
			isa = PBXGroup;
			children = (
				CAB8802B1DD0A2A5003CD67A /* roman_andruseiko_SimpleBooks.xcdatamodeld */,
				CAB880021DCFBCE4003CD67A /* CoreDataManager.swift */,
				CAB880031DCFBCE4003CD67A /* CoreDataManagerExtentsions.swift */,
				CAB880231DD0A1CF003CD67A /* User+CoreDataClass.swift */,
				CAB880241DD0A1CF003CD67A /* User+CoreDataProperties.swift */,
				CAB880251DD0A1CF003CD67A /* Book+CoreDataClass.swift */,
				CAB880261DD0A1CF003CD67A /* Book+CoreDataProperties.swift */,
			);
			name = Database;
			sourceTree = "<group>";
		};
		CAB87FEE1DCCDF7E003CD67A /* BestsellersViewController */ = {
			isa = PBXGroup;
			children = (
				CAB87FEB1DCCDF68003CD67A /* BestsellersViewController.h */,
				CAB87FEC1DCCDF68003CD67A /* BestsellersViewController.m */,
			);
			name = BestsellersViewController;
			sourceTree = "<group>";
		};
		CAB87FF41DCCEB60003CD67A /* BestsellerCustomCell */ = {
			isa = PBXGroup;
			children = (
				CAB87FF11DCCEB55003CD67A /* BestsellerCustomCell.h */,
				CAB87FF21DCCEB55003CD67A /* BestsellerCustomCell.m */,
				CAB87FEF1DCCEB3A003CD67A /* BestsellerCustomCell.xib */,
			);
			name = BestsellerCustomCell;
			sourceTree = "<group>";
		};
		CAB87FF51DCCEB66003CD67A /* UI */ = {
			isa = PBXGroup;
			children = (
				CAB150951DC7E8C7000408D4 /* Main.storyboard */,
				CAB87FF41DCCEB60003CD67A /* BestsellerCustomCell */,
			);
			name = UI;
			sourceTree = "<group>";
		};
		CAB87FF61DCF8CEF003CD67A /* Categories */ = {
			isa = PBXGroup;
			children = (
				CAB87FF71DCF8D7E003CD67A /* UIImageView+ImageDownloading.h */,
				CAB87FF81DCF8D7E003CD67A /* UIImageView+ImageDownloading.m */,
				CAB8802E1DD0AD46003CD67A /* NSString+Addons.h */,
				CAB8802F1DD0AD46003CD67A /* NSString+Addons.m */,
			);
			name = Categories;
			sourceTree = "<group>";
		};
		CAB87FFD1DCF979F003CD67A /* FavoritesViewController */ = {
			isa = PBXGroup;
			children = (
				CAB87FFA1DCF979A003CD67A /* FavoritesViewController.h */,
				CAB87FFB1DCF979A003CD67A /* FavoritesViewController.m */,
			);
			name = FavoritesViewController;
			sourceTree = "<group>";
		};
		CAB880011DCFAE99003CD67A /* BookDetailsViewController */ = {
			isa = PBXGroup;
			children = (
				CAB87FFE1DCFAE92003CD67A /* BookDetailsViewController.h */,
				CAB87FFF1DCFAE92003CD67A /* BookDetailsViewController.m */,
			);
			name = BookDetailsViewController;
			sourceTree = "<group>";
		};
		CAB880311DD0B319003CD67A /* WebService */ = {
			isa = PBXGroup;
			children = (
				CAB87FDD1DCCC65F003CD67A /* WebService.h */,
				CAB87FDE1DCCC65F003CD67A /* WebService.m */,
			);
			name = WebService;
			sourceTree = "<group>";
		};
/* End PBXGroup section */

/* Begin PBXNativeTarget section */
		CAB150771DC7AFD4000408D4 /* roman_andruseiko_SimpleBooks */ = {
			isa = PBXNativeTarget;
			buildConfigurationList = CAB150921DC7AFD4000408D4 /* Build configuration list for PBXNativeTarget "roman_andruseiko_SimpleBooks" */;
			buildPhases = (
				CAB150741DC7AFD4000408D4 /* Sources */,
				CAB150751DC7AFD4000408D4 /* Frameworks */,
				CAB150761DC7AFD4000408D4 /* Resources */,
			);
			buildRules = (
			);
			dependencies = (
			);
			name = roman_andruseiko_SimpleBooks;
			productName = roman_andruseiko_SimpleBooks;
			productReference = CAB150781DC7AFD4000408D4 /* roman_andruseiko_SimpleBooks.app */;
			productType = "com.apple.product-type.application";
		};
/* End PBXNativeTarget section */

/* Begin PBXProject section */
		CAB150701DC7AFD4000408D4 /* Project object */ = {
			isa = PBXProject;
			attributes = {
				LastUpgradeCheck = 0810;
				ORGANIZATIONNAME = SimpleBooks;
				TargetAttributes = {
					CAB150771DC7AFD4000408D4 = {
						CreatedOnToolsVersion = 8.0;
						LastSwiftMigration = 0810;
						ProvisioningStyle = Automatic;
					};
				};
			};
			buildConfigurationList = CAB150731DC7AFD4000408D4 /* Build configuration list for PBXProject "roman_andruseiko_SimpleBooks" */;
			compatibilityVersion = "Xcode 3.2";
			developmentRegion = English;
			hasScannedForEncodings = 0;
			knownRegions = (
				en,
				Base,
			);
			mainGroup = CAB1506F1DC7AFD4000408D4;
			productRefGroup = CAB150791DC7AFD4000408D4 /* Products */;
			projectDirPath = "";
			projectRoot = "";
			targets = (
				CAB150771DC7AFD4000408D4 /* roman_andruseiko_SimpleBooks */,
			);
		};
/* End PBXProject section */

/* Begin PBXResourcesBuildPhase section */
		CAB150761DC7AFD4000408D4 /* Resources */ = {
			isa = PBXResourcesBuildPhase;
			buildActionMask = 2147483647;
			files = (
				CAB150981DC7EA6B000408D4 /* LaunchScreen.storyboard in Resources */,
				CAB87FF01DCCEB3A003CD67A /* BestsellerCustomCell.xib in Resources */,
				CAB150961DC7E8C7000408D4 /* Main.storyboard in Resources */,
				CAB1508B1DC7AFD4000408D4 /* Assets.xcassets in Resources */,
			);
			runOnlyForDeploymentPostprocessing = 0;
		};
/* End PBXResourcesBuildPhase section */

/* Begin PBXSourcesBuildPhase section */
		CAB150741DC7AFD4000408D4 /* Sources */ = {
			isa = PBXSourcesBuildPhase;
			buildActionMask = 2147483647;
			files = (
				CAB880051DCFBCE4003CD67A /* CoreDataManagerExtentsions.swift in Sources */,
				CAB880041DCFBCE4003CD67A /* CoreDataManager.swift in Sources */,
				CAB87FDF1DCCC65F003CD67A /* WebService.m in Sources */,
				CAB150AB1DC7F8B7000408D4 /* AbstractViewController.m in Sources */,
				CAB87FD91DCCBC66003CD67A /* Genre.m in Sources */,
				CAB150801DC7AFD4000408D4 /* AppDelegate.m in Sources */,
				CAB87FDC1DCCBC75003CD67A /* Bestseller.m in Sources */,
				CAB880281DD0A1CF003CD67A /* User+CoreDataProperties.swift in Sources */,
				CAB880271DD0A1CF003CD67A /* User+CoreDataClass.swift in Sources */,
				CAB8802D1DD0A2A5003CD67A /* roman_andruseiko_SimpleBooks.xcdatamodeld in Sources */,
				CAB87FFC1DCF979A003CD67A /* FavoritesViewController.m in Sources */,
				CAB880001DCFAE92003CD67A /* BookDetailsViewController.m in Sources */,
				CAB87FF91DCF8D7E003CD67A /* UIImageView+ImageDownloading.m in Sources */,
				CAB1507D1DC7AFD4000408D4 /* main.m in Sources */,
				CAB880301DD0AD46003CD67A /* NSString+Addons.m in Sources */,
				CAB87FF31DCCEB55003CD67A /* BestsellerCustomCell.m in Sources */,
				CA7520E01DC8E6160087F49C /* GenresViewController.m in Sources */,
				CAB880291DD0A1CF003CD67A /* Book+CoreDataClass.swift in Sources */,
				CAB150A81DC7EC3C000408D4 /* LoginViewController.m in Sources */,
				CAB8802A1DD0A1CF003CD67A /* Book+CoreDataProperties.swift in Sources */,
				CAB87FED1DCCDF68003CD67A /* BestsellersViewController.m in Sources */,
			);
			runOnlyForDeploymentPostprocessing = 0;
		};
/* End PBXSourcesBuildPhase section */

/* Begin XCBuildConfiguration section */
		CAB150901DC7AFD4000408D4 /* Debug */ = {
			isa = XCBuildConfiguration;
			buildSettings = {
				ALWAYS_SEARCH_USER_PATHS = NO;
				CLANG_ANALYZER_NONNULL = YES;
				CLANG_CXX_LANGUAGE_STANDARD = "gnu++0x";
				CLANG_CXX_LIBRARY = "libc++";
				CLANG_ENABLE_MODULES = YES;
				CLANG_ENABLE_OBJC_ARC = YES;
				CLANG_WARN_BOOL_CONVERSION = YES;
				CLANG_WARN_CONSTANT_CONVERSION = YES;
				CLANG_WARN_DIRECT_OBJC_ISA_USAGE = YES_ERROR;
				CLANG_WARN_DOCUMENTATION_COMMENTS = YES;
				CLANG_WARN_EMPTY_BODY = YES;
				CLANG_WARN_ENUM_CONVERSION = YES;
				CLANG_WARN_INFINITE_RECURSION = YES;
				CLANG_WARN_INT_CONVERSION = YES;
				CLANG_WARN_OBJC_ROOT_CLASS = YES_ERROR;
				CLANG_WARN_SUSPICIOUS_MOVE = YES;
				CLANG_WARN_SUSPICIOUS_MOVES = YES;
				CLANG_WARN_UNREACHABLE_CODE = YES;
				CLANG_WARN__DUPLICATE_METHOD_MATCH = YES;
				"CODE_SIGN_IDENTITY[sdk=iphoneos*]" = "iPhone Developer";
				COPY_PHASE_STRIP = NO;
				DEBUG_INFORMATION_FORMAT = dwarf;
				ENABLE_STRICT_OBJC_MSGSEND = YES;
				ENABLE_TESTABILITY = YES;
				GCC_C_LANGUAGE_STANDARD = gnu99;
				GCC_DYNAMIC_NO_PIC = NO;
				GCC_NO_COMMON_BLOCKS = YES;
				GCC_OPTIMIZATION_LEVEL = 0;
				GCC_PREPROCESSOR_DEFINITIONS = (
					"DEBUG=1",
					"$(inherited)",
				);
				GCC_WARN_64_TO_32_BIT_CONVERSION = YES;
				GCC_WARN_ABOUT_RETURN_TYPE = YES_ERROR;
				GCC_WARN_UNDECLARED_SELECTOR = YES;
				GCC_WARN_UNINITIALIZED_AUTOS = YES_AGGRESSIVE;
				GCC_WARN_UNUSED_FUNCTION = YES;
				GCC_WARN_UNUSED_VARIABLE = YES;
				IPHONEOS_DEPLOYMENT_TARGET = 10.0;
				MTL_ENABLE_DEBUG_INFO = YES;
				ONLY_ACTIVE_ARCH = YES;
				SDKROOT = iphoneos;
			};
			name = Debug;
		};
		CAB150911DC7AFD4000408D4 /* Release */ = {
			isa = XCBuildConfiguration;
			buildSettings = {
				ALWAYS_SEARCH_USER_PATHS = NO;
				CLANG_ANALYZER_NONNULL = YES;
				CLANG_CXX_LANGUAGE_STANDARD = "gnu++0x";
				CLANG_CXX_LIBRARY = "libc++";
				CLANG_ENABLE_MODULES = YES;
				CLANG_ENABLE_OBJC_ARC = YES;
				CLANG_WARN_BOOL_CONVERSION = YES;
				CLANG_WARN_CONSTANT_CONVERSION = YES;
				CLANG_WARN_DIRECT_OBJC_ISA_USAGE = YES_ERROR;
				CLANG_WARN_DOCUMENTATION_COMMENTS = YES;
				CLANG_WARN_EMPTY_BODY = YES;
				CLANG_WARN_ENUM_CONVERSION = YES;
				CLANG_WARN_INFINITE_RECURSION = YES;
				CLANG_WARN_INT_CONVERSION = YES;
				CLANG_WARN_OBJC_ROOT_CLASS = YES_ERROR;
				CLANG_WARN_SUSPICIOUS_MOVE = YES;
				CLANG_WARN_SUSPICIOUS_MOVES = YES;
				CLANG_WARN_UNREACHABLE_CODE = YES;
				CLANG_WARN__DUPLICATE_METHOD_MATCH = YES;
				"CODE_SIGN_IDENTITY[sdk=iphoneos*]" = "iPhone Developer";
				COPY_PHASE_STRIP = NO;
				DEBUG_INFORMATION_FORMAT = "dwarf-with-dsym";
				ENABLE_NS_ASSERTIONS = NO;
				ENABLE_STRICT_OBJC_MSGSEND = YES;
				GCC_C_LANGUAGE_STANDARD = gnu99;
				GCC_NO_COMMON_BLOCKS = YES;
				GCC_WARN_64_TO_32_BIT_CONVERSION = YES;
				GCC_WARN_ABOUT_RETURN_TYPE = YES_ERROR;
				GCC_WARN_UNDECLARED_SELECTOR = YES;
				GCC_WARN_UNINITIALIZED_AUTOS = YES_AGGRESSIVE;
				GCC_WARN_UNUSED_FUNCTION = YES;
				GCC_WARN_UNUSED_VARIABLE = YES;
				IPHONEOS_DEPLOYMENT_TARGET = 10.0;
				MTL_ENABLE_DEBUG_INFO = NO;
				SDKROOT = iphoneos;
				SWIFT_OPTIMIZATION_LEVEL = "-Owholemodule";
				VALIDATE_PRODUCT = YES;
			};
			name = Release;
		};
		CAB150931DC7AFD4000408D4 /* Debug */ = {
			isa = XCBuildConfiguration;
			buildSettings = {
				ASSETCATALOG_COMPILER_APPICON_NAME = AppIcon;
				CLANG_ENABLE_MODULES = YES;
				FRAMEWORK_SEARCH_PATHS = (
					"$(inherited)",
					"$(PROJECT_DIR)/roman_andruseiko_SimpleBooks",
				);
				INFOPLIST_FILE = roman_andruseiko_SimpleBooks/Info.plist;
				IPHONEOS_DEPLOYMENT_TARGET = 8.0;
				LD_RUNPATH_SEARCH_PATHS = "$(inherited) @executable_path/Frameworks";
				PRODUCT_BUNDLE_IDENTIFIER = com.simplebooks;
				PRODUCT_NAME = "$(TARGET_NAME)";
				SWIFT_OBJC_BRIDGING_HEADER = "roman_andruseiko_SimpleBooks-Bridging-Header.h";
				SWIFT_OPTIMIZATION_LEVEL = "-Onone";
				SWIFT_VERSION = 3.0;
			};
			name = Debug;
		};
		CAB150941DC7AFD4000408D4 /* Release */ = {
			isa = XCBuildConfiguration;
			buildSettings = {
				ASSETCATALOG_COMPILER_APPICON_NAME = AppIcon;
				CLANG_ENABLE_MODULES = YES;
				FRAMEWORK_SEARCH_PATHS = (
					"$(inherited)",
					"$(PROJECT_DIR)/roman_andruseiko_SimpleBooks",
				);
				INFOPLIST_FILE = roman_andruseiko_SimpleBooks/Info.plist;
				IPHONEOS_DEPLOYMENT_TARGET = 8.0;
				LD_RUNPATH_SEARCH_PATHS = "$(inherited) @executable_path/Frameworks";
				PRODUCT_BUNDLE_IDENTIFIER = com.simplebooks;
				PRODUCT_NAME = "$(TARGET_NAME)";
				SWIFT_OBJC_BRIDGING_HEADER = "roman_andruseiko_SimpleBooks-Bridging-Header.h";
				SWIFT_VERSION = 3.0;
			};
			name = Release;
		};
/* End XCBuildConfiguration section */

/* Begin XCConfigurationList section */
		CAB150731DC7AFD4000408D4 /* Build configuration list for PBXProject "roman_andruseiko_SimpleBooks" */ = {
			isa = XCConfigurationList;
			buildConfigurations = (
				CAB150901DC7AFD4000408D4 /* Debug */,
				CAB150911DC7AFD4000408D4 /* Release */,
			);
			defaultConfigurationIsVisible = 0;
			defaultConfigurationName = Release;
		};
		CAB150921DC7AFD4000408D4 /* Build configuration list for PBXNativeTarget "roman_andruseiko_SimpleBooks" */ = {
			isa = XCConfigurationList;
			buildConfigurations = (
				CAB150931DC7AFD4000408D4 /* Debug */,
				CAB150941DC7AFD4000408D4 /* Release */,
			);
			defaultConfigurationIsVisible = 0;
			defaultConfigurationName = Release;
		};
/* End XCConfigurationList section */

/* Begin XCVersionGroup section */
		CAB8802B1DD0A2A5003CD67A /* roman_andruseiko_SimpleBooks.xcdatamodeld */ = {
			isa = XCVersionGroup;
			children = (
				CAB8802C1DD0A2A5003CD67A /* roman_andruseiko_SimpleBooks.xcdatamodel */,
			);
			currentVersion = CAB8802C1DD0A2A5003CD67A /* roman_andruseiko_SimpleBooks.xcdatamodel */;
			path = roman_andruseiko_SimpleBooks.xcdatamodeld;
			sourceTree = "<group>";
			versionGroupType = wrapper.xcdatamodel;
		};
/* End XCVersionGroup section */
	};
	rootObject = CAB150701DC7AFD4000408D4 /* Project object */;
}
